
Microsoft Visual Studio Solution File, Format Version 12.00
# Visual Studio Version 17
VisualStudioVersion = 17.0.31903.59
MinimumVisualStudioVersion = 10.0.40219.1
Project("{FAE04EC0-301F-11D3-BF4B-00C04F79EFBC}") = "ConsoleAppPL", "ConsoleAppPL\ConsoleAppPL.csproj", "{1E91EA8E-D47E-4C5E-8FCC-BB297653DC3D}"
EndProject
Project("{FAE04EC0-301F-11D3-BF4B-00C04F79EFBC}") = "BL", "BL\BL.csproj", "{25314ACD-3C67-47E1-9704-FCE27C9D9FF9}"
EndProject
Project("{FAE04EC0-301F-11D3-BF4B-00C04F79EFBC}") = "DAL", "DAL\DAL.csproj", "{4F463DCC-BA46-4FA0-935F-4DFCE998314C}"
EndProject
Project("{FAE04EC0-301F-11D3-BF4B-00C04F79EFBC}") = "Persistence", "Persistence\Persistence.csproj", "{3C2ABF54-CD6F-4590-B4AD-5F4127946F14}"
EndProject
Global
	GlobalSection(SolutionConfigurationPlatforms) = preSolution
		Debug|Any CPU = Debug|Any CPU
		Release|Any CPU = Release|Any CPU
	EndGlobalSection
	GlobalSection(SolutionProperties) = preSolution
		HideSolutionNode = FALSE
	EndGlobalSection
	GlobalSection(ProjectConfigurationPlatforms) = postSolution
		{1E91EA8E-D47E-4C5E-8FCC-BB297653DC3D}.Debug|Any CPU.ActiveCfg = Debug|Any CPU
		{1E91EA8E-D47E-4C5E-8FCC-BB297653DC3D}.Debug|Any CPU.Build.0 = Debug|Any CPU
		{1E91EA8E-D47E-4C5E-8FCC-BB297653DC3D}.Release|Any CPU.ActiveCfg = Release|Any CPU
		{1E91EA8E-D47E-4C5E-8FCC-BB297653DC3D}.Release|Any CPU.Build.0 = Release|Any CPU
		{25314ACD-3C67-47E1-9704-FCE27C9D9FF9}.Debug|Any CPU.ActiveCfg = Debug|Any CPU
		{25314ACD-3C67-47E1-9704-FCE27C9D9FF9}.Debug|Any CPU.Build.0 = Debug|Any CPU
		{25314ACD-3C67-47E1-9704-FCE27C9D9FF9}.Release|Any CPU.ActiveCfg = Release|Any CPU
		{25314ACD-3C67-47E1-9704-FCE27C9D9FF9}.Release|Any CPU.Build.0 = Release|Any CPU
		{4F463DCC-BA46-4FA0-935F-4DFCE998314C}.Debug|Any CPU.ActiveCfg = Debug|Any CPU
		{4F463DCC-BA46-4FA0-935F-4DFCE998314C}.Debug|Any CPU.Build.0 = Debug|Any CPU
		{4F463DCC-BA46-4FA0-935F-4DFCE998314C}.Release|Any CPU.ActiveCfg = Release|Any CPU
		{4F463DCC-BA46-4FA0-935F-4DFCE998314C}.Release|Any CPU.Build.0 = Release|Any CPU
		{3C2ABF54-CD6F-4590-B4AD-5F4127946F14}.Debug|Any CPU.ActiveCfg = Debug|Any CPU
		{3C2ABF54-CD6F-4590-B4AD-5F4127946F14}.Debug|Any CPU.Build.0 = Debug|Any CPU
		{3C2ABF54-CD6F-4590-B4AD-5F4127946F14}.Release|Any CPU.ActiveCfg = Release|Any CPU
		{3C2ABF54-CD6F-4590-B4AD-5F4127946F14}.Release|Any CPU.Build.0 = Release|Any CPU
	EndGlobalSection
EndGlobal
